
Microsoft Visual Studio Solution File, Format Version 12.00
# Visual Studio Version 17
VisualStudioVersion = 17.9.34701.34
MinimumVisualStudioVersion = 10.0.40219.1
Project("{9A19103F-16F7-4668-BE54-9A1E7A4F7556}") = "Currency-conversion", "Currency-conversion\Currency-conversion.csproj", "{45EFFE08-FADC-4756-B6E1-51CC5D58FBF0}"
EndProject
Project("{FAE04EC0-301F-11D3-BF4B-00C04F79EFBC}") = "TestCurrencyConversion", "TestCurrencyConversion\TestCurrencyConversion.csproj", "{6A80B2EA-5387-4F61-ACCD-F1B34077A33D}"
EndProject
Global
	GlobalSection(SolutionConfigurationPlatforms) = preSolution
		Debug|Any CPU = Debug|Any CPU
		Release|Any CPU = Release|Any CPU
	EndGlobalSection
	GlobalSection(ProjectConfigurationPlatforms) = postSolution
		{45EFFE08-FADC-4756-B6E1-51CC5D58FBF0}.Debug|Any CPU.ActiveCfg = Debug|Any CPU
		{45EFFE08-FADC-4756-B6E1-51CC5D58FBF0}.Debug|Any CPU.Build.0 = Debug|Any CPU
		{45EFFE08-FADC-4756-B6E1-51CC5D58FBF0}.Release|Any CPU.ActiveCfg = Release|Any CPU
		{45EFFE08-FADC-4756-B6E1-51CC5D58FBF0}.Release|Any CPU.Build.0 = Release|Any CPU
		{6A80B2EA-5387-4F61-ACCD-F1B34077A33D}.Debug|Any CPU.ActiveCfg = Debug|Any CPU
		{6A80B2EA-5387-4F61-ACCD-F1B34077A33D}.Debug|Any CPU.Build.0 = Debug|Any CPU
		{6A80B2EA-5387-4F61-ACCD-F1B34077A33D}.Release|Any CPU.ActiveCfg = Release|Any CPU
		{6A80B2EA-5387-4F61-ACCD-F1B34077A33D}.Release|Any CPU.Build.0 = Release|Any CPU
	EndGlobalSection
	GlobalSection(SolutionProperties) = preSolution
		HideSolutionNode = FALSE
	EndGlobalSection
	GlobalSection(ExtensibilityGlobals) = postSolution
		SolutionGuid = {1AA0F4C3-AE48-4052-9C07-C4318BC86602}
	EndGlobalSection
EndGlobal
